
Microsoft Visual Studio Solution File, Format Version 12.00
# Visual Studio Version 16
VisualStudioVersion = 16.0.29926.136
MinimumVisualStudioVersion = 10.0.40219.1
Project("{FAE04EC0-301F-11D3-BF4B-00C04F79EFBC}") = "ScreenshotBrower", "ScreenshotBrower\ScreenshotBrower.csproj", "{DCBF830D-7DAF-4014-B89B-262B43298CA9}"
EndProject
Global
	GlobalSection(SolutionConfigurationPlatforms) = preSolution
		Debug|Any CPU = Debug|Any CPU
		Release|Any CPU = Release|Any CPU
	EndGlobalSection
	GlobalSection(ProjectConfigurationPlatforms) = postSolution
		{DCBF830D-7DAF-4014-B89B-262B43298CA9}.Debug|Any CPU.ActiveCfg = Debug|Any CPU
		{DCBF830D-7DAF-4014-B89B-262B43298CA9}.Debug|Any CPU.Build.0 = Debug|Any CPU
		{DCBF830D-7DAF-4014-B89B-262B43298CA9}.Release|Any CPU.ActiveCfg = Release|Any CPU
		{DCBF830D-7DAF-4014-B89B-262B43298CA9}.Release|Any CPU.Build.0 = Release|Any CPU
	EndGlobalSection
	GlobalSection(SolutionProperties) = preSolution
		HideSolutionNode = FALSE
	EndGlobalSection
	GlobalSection(ExtensibilityGlobals) = postSolution
		SolutionGuid = {0C3B6C4D-D154-4538-BC18-E6718D864A59}
	EndGlobalSection
EndGlobal
